// !$*UTF8*$!
{
	archiveVersion = 1;
	classes = {
	};
	objectVersion = 56;
	objects = {

/* Begin PBXBuildFile section */
		6B66632B2B1FCD33005A9003 /* HIITFitApp.swift in Sources */ = {isa = PBXBuildFile; fileRef = 6B66632A2B1FCD33005A9003 /* HIITFitApp.swift */; };
		6B66632D2B1FCD33005A9003 /* ContentView.swift in Sources */ = {isa = PBXBuildFile; fileRef = 6B66632C2B1FCD33005A9003 /* ContentView.swift */; };
		6B66632F2B1FCD35005A9003 /* Assets.xcassets in Resources */ = {isa = PBXBuildFile; fileRef = 6B66632E2B1FCD35005A9003 /* Assets.xcassets */; };
		6B6663322B1FCD35005A9003 /* Preview Assets.xcassets in Resources */ = {isa = PBXBuildFile; fileRef = 6B6663312B1FCD35005A9003 /* Preview Assets.xcassets */; };
		6B6663392B1FCF27005A9003 /* WelcomeView.swift in Sources */ = {isa = PBXBuildFile; fileRef = 6B6663382B1FCF27005A9003 /* WelcomeView.swift */; };
		6B66633B2B1FCF37005A9003 /* ExerciseView.swift in Sources */ = {isa = PBXBuildFile; fileRef = 6B66633A2B1FCF37005A9003 /* ExerciseView.swift */; };
		6B6663422B1FCFAC005A9003 /* squat.mp4 in Resources */ = {isa = PBXBuildFile; fileRef = 6B66633E2B1FCFAC005A9003 /* squat.mp4 */; };
		6B6663432B1FCFAC005A9003 /* sun-salute.mp4 in Resources */ = {isa = PBXBuildFile; fileRef = 6B66633F2B1FCFAC005A9003 /* sun-salute.mp4 */; };
		6B6663442B1FCFAC005A9003 /* step-up.mp4 in Resources */ = {isa = PBXBuildFile; fileRef = 6B6663402B1FCFAC005A9003 /* step-up.mp4 */; };
		6B6663452B1FCFAC005A9003 /* burpee.mp4 in Resources */ = {isa = PBXBuildFile; fileRef = 6B6663412B1FCFAC005A9003 /* burpee.mp4 */; };
		6BFE0FA22B206EC000409B5C /* HeaderView.swift in Sources */ = {isa = PBXBuildFile; fileRef = 6BFE0FA12B206EC000409B5C /* HeaderView.swift */; };
		6BFE0FA42B20700A00409B5C /* Exercise.swift in Sources */ = {isa = PBXBuildFile; fileRef = 6BFE0FA32B20700A00409B5C /* Exercise.swift */; };
		6BFE0FA62B207AA600409B5C /* RatingView.swift in Sources */ = {isa = PBXBuildFile; fileRef = 6BFE0FA52B207AA600409B5C /* RatingView.swift */; };
/* End PBXBuildFile section */

/* Begin PBXFileReference section */
		6B6663272B1FCD33005A9003 /* HIITFit.app */ = {isa = PBXFileReference; explicitFileType = wrapper.application; includeInIndex = 0; path = HIITFit.app; sourceTree = BUILT_PRODUCTS_DIR; };
		6B66632A2B1FCD33005A9003 /* HIITFitApp.swift */ = {isa = PBXFileReference; lastKnownFileType = sourcecode.swift; path = HIITFitApp.swift; sourceTree = "<group>"; };
		6B66632C2B1FCD33005A9003 /* ContentView.swift */ = {isa = PBXFileReference; lastKnownFileType = sourcecode.swift; path = ContentView.swift; sourceTree = "<group>"; };
		6B66632E2B1FCD35005A9003 /* Assets.xcassets */ = {isa = PBXFileReference; lastKnownFileType = folder.assetcatalog; path = Assets.xcassets; sourceTree = "<group>"; };
		6B6663312B1FCD35005A9003 /* Preview Assets.xcassets */ = {isa = PBXFileReference; lastKnownFileType = folder.assetcatalog; path = "Preview Assets.xcassets"; sourceTree = "<group>"; };
		6B6663382B1FCF27005A9003 /* WelcomeView.swift */ = {isa = PBXFileReference; lastKnownFileType = sourcecode.swift; path = WelcomeView.swift; sourceTree = "<group>"; };
		6B66633A2B1FCF37005A9003 /* ExerciseView.swift */ = {isa = PBXFileReference; lastKnownFileType = sourcecode.swift; path = ExerciseView.swift; sourceTree = "<group>"; };
		6B66633E2B1FCFAC005A9003 /* squat.mp4 */ = {isa = PBXFileReference; lastKnownFileType = file; path = squat.mp4; sourceTree = "<group>"; };
		6B66633F2B1FCFAC005A9003 /* sun-salute.mp4 */ = {isa = PBXFileReference; lastKnownFileType = file; path = "sun-salute.mp4"; sourceTree = "<group>"; };
		6B6663402B1FCFAC005A9003 /* step-up.mp4 */ = {isa = PBXFileReference; lastKnownFileType = file; path = "step-up.mp4"; sourceTree = "<group>"; };
		6B6663412B1FCFAC005A9003 /* burpee.mp4 */ = {isa = PBXFileReference; lastKnownFileType = file; path = burpee.mp4; sourceTree = "<group>"; };
		6BFE0FA12B206EC000409B5C /* HeaderView.swift */ = {isa = PBXFileReference; lastKnownFileType = sourcecode.swift; path = HeaderView.swift; sourceTree = "<group>"; };
		6BFE0FA32B20700A00409B5C /* Exercise.swift */ = {isa = PBXFileReference; lastKnownFileType = sourcecode.swift; path = Exercise.swift; sourceTree = "<group>"; };
		6BFE0FA52B207AA600409B5C /* RatingView.swift */ = {isa = PBXFileReference; lastKnownFileType = sourcecode.swift; path = RatingView.swift; sourceTree = "<group>"; };
/* End PBXFileReference section */

/* Begin PBXFrameworksBuildPhase section */
		6B6663242B1FCD33005A9003 /* Frameworks */ = {
			isa = PBXFrameworksBuildPhase;
			buildActionMask = 2147483647;
			files = (
			);
			runOnlyForDeploymentPostprocessing = 0;
		};
/* End PBXFrameworksBuildPhase section */

/* Begin PBXGroup section */
		6B66631E2B1FCD33005A9003 = {
			isa = PBXGroup;
			children = (
				6B6663292B1FCD33005A9003 /* HIITFit */,
				6B6663282B1FCD33005A9003 /* Products */,
			);
			sourceTree = "<group>";
		};
		6B6663282B1FCD33005A9003 /* Products */ = {
			isa = PBXGroup;
			children = (
				6B6663272B1FCD33005A9003 /* HIITFit.app */,
			);
			name = Products;
			sourceTree = "<group>";
		};
		6B6663292B1FCD33005A9003 /* HIITFit */ = {
			isa = PBXGroup;
			children = (
				6B66632A2B1FCD33005A9003 /* HIITFitApp.swift */,
				6BFE0FA32B20700A00409B5C /* Exercise.swift */,
				6B66633C2B1FCF52005A9003 /* Views */,
				6B66633D2B1FCFAC005A9003 /* Videos */,
				6B66632E2B1FCD35005A9003 /* Assets.xcassets */,
				6B6663302B1FCD35005A9003 /* Preview Content */,
			);
			path = HIITFit;
			sourceTree = "<group>";
		};
		6B6663302B1FCD35005A9003 /* Preview Content */ = {
			isa = PBXGroup;
			children = (
				6B6663312B1FCD35005A9003 /* Preview Assets.xcassets */,
			);
			path = "Preview Content";
			sourceTree = "<group>";
		};
		6B66633C2B1FCF52005A9003 /* Views */ = {
			isa = PBXGroup;
			children = (
				6B66632C2B1FCD33005A9003 /* ContentView.swift */,
				6B6663382B1FCF27005A9003 /* WelcomeView.swift */,
				6B66633A2B1FCF37005A9003 /* ExerciseView.swift */,
				6BFE0FA12B206EC000409B5C /* HeaderView.swift */,
				6BFE0FA52B207AA600409B5C /* RatingView.swift */,
			);
			path = Views;
			sourceTree = "<group>";
		};
		6B66633D2B1FCFAC005A9003 /* Videos */ = {
			isa = PBXGroup;
			children = (
				6B66633E2B1FCFAC005A9003 /* squat.mp4 */,
				6B66633F2B1FCFAC005A9003 /* sun-salute.mp4 */,
				6B6663402B1FCFAC005A9003 /* step-up.mp4 */,
				6B6663412B1FCFAC005A9003 /* burpee.mp4 */,
			);
			path = Videos;
			sourceTree = "<group>";
		};
/* End PBXGroup section */

/* Begin PBXNativeTarget section */
		6B6663262B1FCD33005A9003 /* HIITFit */ = {
			isa = PBXNativeTarget;
			buildConfigurationList = 6B6663352B1FCD35005A9003 /* Build configuration list for PBXNativeTarget "HIITFit" */;
			buildPhases = (
				6B6663232B1FCD33005A9003 /* Sources */,
				6B6663242B1FCD33005A9003 /* Frameworks */,
				6B6663252B1FCD33005A9003 /* Resources */,
			);
			buildRules = (
			);
			dependencies = (
			);
			name = HIITFit;
			productName = HIITFit;
			productReference = 6B6663272B1FCD33005A9003 /* HIITFit.app */;
			productType = "com.apple.product-type.application";
		};
/* End PBXNativeTarget section */

/* Begin PBXProject section */
		6B66631F2B1FCD33005A9003 /* Project object */ = {
			isa = PBXProject;
			attributes = {
				BuildIndependentTargetsInParallel = 1;
				LastSwiftUpdateCheck = 1500;
				LastUpgradeCheck = 1500;
				TargetAttributes = {
					6B6663262B1FCD33005A9003 = {
						CreatedOnToolsVersion = 15.0.1;
					};
				};
			};
			buildConfigurationList = 6B6663222B1FCD33005A9003 /* Build configuration list for PBXProject "HIITFit" */;
			compatibilityVersion = "Xcode 14.0";
			developmentRegion = en;
			hasScannedForEncodings = 0;
			knownRegions = (
				en,
				Base,
			);
			mainGroup = 6B66631E2B1FCD33005A9003;
			productRefGroup = 6B6663282B1FCD33005A9003 /* Products */;
			projectDirPath = "";
			projectRoot = "";
			targets = (
				6B6663262B1FCD33005A9003 /* HIITFit */,
			);
		};
/* End PBXProject section */

/* Begin PBXResourcesBuildPhase section */
		6B6663252B1FCD33005A9003 /* Resources */ = {
			isa = PBXResourcesBuildPhase;
			buildActionMask = 2147483647;
			files = (
				6B6663442B1FCFAC005A9003 /* step-up.mp4 in Resources */,
				6B6663322B1FCD35005A9003 /* Preview Assets.xcassets in Resources */,
				6B6663452B1FCFAC005A9003 /* burpee.mp4 in Resources */,
				6B6663422B1FCFAC005A9003 /* squat.mp4 in Resources */,
				6B6663432B1FCFAC005A9003 /* sun-salute.mp4 in Resources */,
				6B66632F2B1FCD35005A9003 /* Assets.xcassets in Resources */,
			);
			runOnlyForDeploymentPostprocessing = 0;
		};
/* End PBXResourcesBuildPhase section */

/* Begin PBXSourcesBuildPhase section */
		6B6663232B1FCD33005A9003 /* Sources */ = {
			isa = PBXSourcesBuildPhase;
			buildActionMask = 2147483647;
			files = (
				6BFE0FA22B206EC000409B5C /* HeaderView.swift in Sources */,
				6B66633B2B1FCF37005A9003 /* ExerciseView.swift in Sources */,
				6B66632D2B1FCD33005A9003 /* ContentView.swift in Sources */,
				6B6663392B1FCF27005A9003 /* WelcomeView.swift in Sources */,
				6B66632B2B1FCD33005A9003 /* HIITFitApp.swift in Sources */,
				6BFE0FA42B20700A00409B5C /* Exercise.swift in Sources */,
				6BFE0FA62B207AA600409B5C /* RatingView.swift in Sources */,
			);
			runOnlyForDeploymentPostprocessing = 0;
		};
/* End PBXSourcesBuildPhase section */

/* Begin XCBuildConfiguration section */
		6B6663332B1FCD35005A9003 /* Debug */ = {
			isa = XCBuildConfiguration;
			buildSettings = {
				ALWAYS_SEARCH_USER_PATHS = NO;
				ASSETCATALOG_COMPILER_GENERATE_SWIFT_ASSET_SYMBOL_EXTENSIONS = YES;
				CLANG_ANALYZER_NONNULL = YES;
				CLANG_ANALYZER_NUMBER_OBJECT_CONVERSION = YES_AGGRESSIVE;
				CLANG_CXX_LANGUAGE_STANDARD = "gnu++20";
				CLANG_ENABLE_MODULES = YES;
				CLANG_ENABLE_OBJC_ARC = YES;
				CLANG_ENABLE_OBJC_WEAK = YES;
				CLANG_WARN_BLOCK_CAPTURE_AUTORELEASING = YES;
				CLANG_WARN_BOOL_CONVERSION = YES;
				CLANG_WARN_COMMA = YES;
				CLANG_WARN_CONSTANT_CONVERSION = YES;
				CLANG_WARN_DEPRECATED_OBJC_IMPLEMENTATIONS = YES;
				CLANG_WARN_DIRECT_OBJC_ISA_USAGE = YES_ERROR;
				CLANG_WARN_DOCUMENTATION_COMMENTS = YES;
				CLANG_WARN_EMPTY_BODY = YES;
				CLANG_WARN_ENUM_CONVERSION = YES;
				CLANG_WARN_INFINITE_RECURSION = YES;
				CLANG_WARN_INT_CONVERSION = YES;
				CLANG_WARN_NON_LITERAL_NULL_CONVERSION = YES;
				CLANG_WARN_OBJC_IMPLICIT_RETAIN_SELF = YES;
				CLANG_WARN_OBJC_LITERAL_CONVERSION = YES;
				CLANG_WARN_OBJC_ROOT_CLASS = YES_ERROR;
				CLANG_WARN_QUOTED_INCLUDE_IN_FRAMEWORK_HEADER = YES;
				CLANG_WARN_RANGE_LOOP_ANALYSIS = YES;
				CLANG_WARN_STRICT_PROTOTYPES = YES;
				CLANG_WARN_SUSPICIOUS_MOVE = YES;
				CLANG_WARN_UNGUARDED_AVAILABILITY = YES_AGGRESSIVE;
				CLANG_WARN_UNREACHABLE_CODE = YES;
				CLANG_WARN__DUPLICATE_METHOD_MATCH = YES;
				COPY_PHASE_STRIP = NO;
				DEBUG_INFORMATION_FORMAT = dwarf;
				ENABLE_STRICT_OBJC_MSGSEND = YES;
				ENABLE_TESTABILITY = YES;
				ENABLE_USER_SCRIPT_SANDBOXING = YES;
				GCC_C_LANGUAGE_STANDARD = gnu17;
				GCC_DYNAMIC_NO_PIC = NO;
				GCC_NO_COMMON_BLOCKS = YES;
				GCC_OPTIMIZATION_LEVEL = 0;
				GCC_PREPROCESSOR_DEFINITIONS = (
					"DEBUG=1",
					"$(inherited)",
				);
				GCC_WARN_64_TO_32_BIT_CONVERSION = YES;
				GCC_WARN_ABOUT_RETURN_TYPE = YES_ERROR;
				GCC_WARN_UNDECLARED_SELECTOR = YES;
				GCC_WARN_UNINITIALIZED_AUTOS = YES_AGGRESSIVE;
				GCC_WARN_UNUSED_FUNCTION = YES;
				GCC_WARN_UNUSED_VARIABLE = YES;
				IPHONEOS_DEPLOYMENT_TARGET = 17.0;
				LOCALIZATION_PREFERS_STRING_CATALOGS = YES;
				MTL_ENABLE_DEBUG_INFO = INCLUDE_SOURCE;
				MTL_FAST_MATH = YES;
				ONLY_ACTIVE_ARCH = YES;
				SDKROOT = iphoneos;
				SWIFT_ACTIVE_COMPILATION_CONDITIONS = "DEBUG $(inherited)";
				SWIFT_OPTIMIZATION_LEVEL = "-Onone";
			};
			name = Debug;
		};
		6B6663342B1FCD35005A9003 /* Release */ = {
			isa = XCBuildConfiguration;
			buildSettings = {
				ALWAYS_SEARCH_USER_PATHS = NO;
				ASSETCATALOG_COMPILER_GENERATE_SWIFT_ASSET_SYMBOL_EXTENSIONS = YES;
				CLANG_ANALYZER_NONNULL = YES;
				CLANG_ANALYZER_NUMBER_OBJECT_CONVERSION = YES_AGGRESSIVE;
				CLANG_CXX_LANGUAGE_STANDARD = "gnu++20";
				CLANG_ENABLE_MODULES = YES;
				CLANG_ENABLE_OBJC_ARC = YES;
				CLANG_ENABLE_OBJC_WEAK = YES;
				CLANG_WARN_BLOCK_CAPTURE_AUTORELEASING = YES;
				CLANG_WARN_BOOL_CONVERSION = YES;
				CLANG_WARN_COMMA = YES;
				CLANG_WARN_CONSTANT_CONVERSION = YES;
				CLANG_WARN_DEPRECATED_OBJC_IMPLEMENTATIONS = YES;
				CLANG_WARN_DIRECT_OBJC_ISA_USAGE = YES_ERROR;
				CLANG_WARN_DOCUMENTATION_COMMENTS = YES;
				CLANG_WARN_EMPTY_BODY = YES;
				CLANG_WARN_ENUM_CONVERSION = YES;
				CLANG_WARN_INFINITE_RECURSION = YES;
				CLANG_WARN_INT_CONVERSION = YES;
				CLANG_WARN_NON_LITERAL_NULL_CONVERSION = YES;
				CLANG_WARN_OBJC_IMPLICIT_RETAIN_SELF = YES;
				CLANG_WARN_OBJC_LITERAL_CONVERSION = YES;
				CLANG_WARN_OBJC_ROOT_CLASS = YES_ERROR;
				CLANG_WARN_QUOTED_INCLUDE_IN_FRAMEWORK_HEADER = YES;
				CLANG_WARN_RANGE_LOOP_ANALYSIS = YES;
				CLANG_WARN_STRICT_PROTOTYPES = YES;
				CLANG_WARN_SUSPICIOUS_MOVE = YES;
				CLANG_WARN_UNGUARDED_AVAILABILITY = YES_AGGRESSIVE;
				CLANG_WARN_UNREACHABLE_CODE = YES;
				CLANG_WARN__DUPLICATE_METHOD_MATCH = YES;
				COPY_PHASE_STRIP = NO;
				DEBUG_INFORMATION_FORMAT = "dwarf-with-dsym";
				ENABLE_NS_ASSERTIONS = NO;
				ENABLE_STRICT_OBJC_MSGSEND = YES;
				ENABLE_USER_SCRIPT_SANDBOXING = YES;
				GCC_C_LANGUAGE_STANDARD = gnu17;
				GCC_NO_COMMON_BLOCKS = YES;
				GCC_WARN_64_TO_32_BIT_CONVERSION = YES;
				GCC_WARN_ABOUT_RETURN_TYPE = YES_ERROR;
				GCC_WARN_UNDECLARED_SELECTOR = YES;
				GCC_WARN_UNINITIALIZED_AUTOS = YES_AGGRESSIVE;
				GCC_WARN_UNUSED_FUNCTION = YES;
				GCC_WARN_UNUSED_VARIABLE = YES;
				IPHONEOS_DEPLOYMENT_TARGET = 17.0;
				LOCALIZATION_PREFERS_STRING_CATALOGS = YES;
				MTL_ENABLE_DEBUG_INFO = NO;
				MTL_FAST_MATH = YES;
				SDKROOT = iphoneos;
				SWIFT_COMPILATION_MODE = wholemodule;
				VALIDATE_PRODUCT = YES;
			};
			name = Release;
		};
		6B6663362B1FCD35005A9003 /* Debug */ = {
			isa = XCBuildConfiguration;
			buildSettings = {
				ASSETCATALOG_COMPILER_APPICON_NAME = AppIcon;
				ASSETCATALOG_COMPILER_GLOBAL_ACCENT_COLOR_NAME = AccentColor;
				CODE_SIGN_STYLE = Automatic;
				CURRENT_PROJECT_VERSION = 1;
				DEVELOPMENT_ASSET_PATHS = "\"HIITFit/Preview Content\"";
				DEVELOPMENT_TEAM = A7B95NFWAN;
				ENABLE_PREVIEWS = YES;
				GENERATE_INFOPLIST_FILE = YES;
				INFOPLIST_KEY_UIApplicationSceneManifest_Generation = YES;
				INFOPLIST_KEY_UIApplicationSupportsIndirectInputEvents = YES;
				INFOPLIST_KEY_UILaunchScreen_Generation = YES;
				INFOPLIST_KEY_UISupportedInterfaceOrientations_iPad = "UIInterfaceOrientationPortrait UIInterfaceOrientationPortraitUpsideDown UIInterfaceOrientationLandscapeLeft UIInterfaceOrientationLandscapeRight";
				INFOPLIST_KEY_UISupportedInterfaceOrientations_iPhone = "UIInterfaceOrientationPortrait UIInterfaceOrientationLandscapeLeft UIInterfaceOrientationLandscapeRight";
				LD_RUNPATH_SEARCH_PATHS = (
					"$(inherited)",
					"@executable_path/Frameworks",
				);
				MARKETING_VERSION = 1.0;
				PRODUCT_BUNDLE_IDENTIFIER = com.gaspare.HIITFit;
				PRODUCT_NAME = "$(TARGET_NAME)";
				SWIFT_EMIT_LOC_STRINGS = YES;
				SWIFT_VERSION = 5.0;
				TARGETED_DEVICE_FAMILY = "1,2";
			};
			name = Debug;
		};
		6B6663372B1FCD35005A9003 /* Release */ = {
			isa = XCBuildConfiguration;
			buildSettings = {
				ASSETCATALOG_COMPILER_APPICON_NAME = AppIcon;
				ASSETCATALOG_COMPILER_GLOBAL_ACCENT_COLOR_NAME = AccentColor;
				CODE_SIGN_STYLE = Automatic;
				CURRENT_PROJECT_VERSION = 1;
				DEVELOPMENT_ASSET_PATHS = "\"HIITFit/Preview Content\"";
				DEVELOPMENT_TEAM = A7B95NFWAN;
				ENABLE_PREVIEWS = YES;
				GENERATE_INFOPLIST_FILE = YES;
				INFOPLIST_KEY_UIApplicationSceneManifest_Generation = YES;
				INFOPLIST_KEY_UIApplicationSupportsIndirectInputEvents = YES;
				INFOPLIST_KEY_UILaunchScreen_Generation = YES;
				INFOPLIST_KEY_UISupportedInterfaceOrientations_iPad = "UIInterfaceOrientationPortrait UIInterfaceOrientationPortraitUpsideDown UIInterfaceOrientationLandscapeLeft UIInterfaceOrientationLandscapeRight";
				INFOPLIST_KEY_UISupportedInterfaceOrientations_iPhone = "UIInterfaceOrientationPortrait UIInterfaceOrientationLandscapeLeft UIInterfaceOrientationLandscapeRight";
				LD_RUNPATH_SEARCH_PATHS = (
					"$(inherited)",
					"@executable_path/Frameworks",
				);
				MARKETING_VERSION = 1.0;
				PRODUCT_BUNDLE_IDENTIFIER = com.gaspare.HIITFit;
				PRODUCT_NAME = "$(TARGET_NAME)";
				SWIFT_EMIT_LOC_STRINGS = YES;
				SWIFT_VERSION = 5.0;
				TARGETED_DEVICE_FAMILY = "1,2";
			};
			name = Release;
		};
/* End XCBuildConfiguration section */

/* Begin XCConfigurationList section */
		6B6663222B1FCD33005A9003 /* Build configuration list for PBXProject "HIITFit" */ = {
			isa = XCConfigurationList;
			buildConfigurations = (
				6B6663332B1FCD35005A9003 /* Debug */,
				6B6663342B1FCD35005A9003 /* Release */,
			);
			defaultConfigurationIsVisible = 0;
			defaultConfigurationName = Release;
		};
		6B6663352B1FCD35005A9003 /* Build configuration list for PBXNativeTarget "HIITFit" */ = {
			isa = XCConfigurationList;
			buildConfigurations = (
				6B6663362B1FCD35005A9003 /* Debug */,
				6B6663372B1FCD35005A9003 /* Release */,
			);
			defaultConfigurationIsVisible = 0;
			defaultConfigurationName = Release;
		};
/* End XCConfigurationList section */
	};
	rootObject = 6B66631F2B1FCD33005A9003 /* Project object */;
}
